
Microsoft Visual Studio Solution File, Format Version 12.00
# Visual Studio Version 17
VisualStudioVersion = 17.5.33627.172
MinimumVisualStudioVersion = 10.0.40219.1
Project("{9A19103F-16F7-4668-BE54-9A1E7A4F7556}") = "NewDay.BusinessLogic", "NewDay.BusinessLogic\NewDay.BusinessLogic.csproj", "{5B04DE1E-E6FB-45BD-A585-3114B5B65393}"
EndProject
Project("{FAE04EC0-301F-11D3-BF4B-00C04F79EFBC}") = "NewDay.UnitTests", "NewDay.UnitTests\NewDay.UnitTests.csproj", "{40198DBF-F195-4A06-9B7D-4EE91F9CCCE5}"
EndProject
Project("{FAE04EC0-301F-11D3-BF4B-00C04F79EFBC}") = "NewDay.Console", "NewDay.Console\NewDay.Console.csproj", "{F3A3C691-BDEA-4E42-A8C8-945C2ACA1260}"
EndProject
Global
	GlobalSection(SolutionConfigurationPlatforms) = preSolution
		Debug|Any CPU = Debug|Any CPU
		Release|Any CPU = Release|Any CPU
	EndGlobalSection
	GlobalSection(ProjectConfigurationPlatforms) = postSolution
		{5B04DE1E-E6FB-45BD-A585-3114B5B65393}.Debug|Any CPU.ActiveCfg = Debug|Any CPU
		{5B04DE1E-E6FB-45BD-A585-3114B5B65393}.Debug|Any CPU.Build.0 = Debug|Any CPU
		{5B04DE1E-E6FB-45BD-A585-3114B5B65393}.Release|Any CPU.ActiveCfg = Release|Any CPU
		{5B04DE1E-E6FB-45BD-A585-3114B5B65393}.Release|Any CPU.Build.0 = Release|Any CPU
		{40198DBF-F195-4A06-9B7D-4EE91F9CCCE5}.Debug|Any CPU.ActiveCfg = Debug|Any CPU
		{40198DBF-F195-4A06-9B7D-4EE91F9CCCE5}.Debug|Any CPU.Build.0 = Debug|Any CPU
		{40198DBF-F195-4A06-9B7D-4EE91F9CCCE5}.Release|Any CPU.ActiveCfg = Release|Any CPU
		{40198DBF-F195-4A06-9B7D-4EE91F9CCCE5}.Release|Any CPU.Build.0 = Release|Any CPU
		{F3A3C691-BDEA-4E42-A8C8-945C2ACA1260}.Debug|Any CPU.ActiveCfg = Debug|Any CPU
		{F3A3C691-BDEA-4E42-A8C8-945C2ACA1260}.Debug|Any CPU.Build.0 = Debug|Any CPU
		{F3A3C691-BDEA-4E42-A8C8-945C2ACA1260}.Release|Any CPU.ActiveCfg = Release|Any CPU
		{F3A3C691-BDEA-4E42-A8C8-945C2ACA1260}.Release|Any CPU.Build.0 = Release|Any CPU
	EndGlobalSection
	GlobalSection(SolutionProperties) = preSolution
		HideSolutionNode = FALSE
	EndGlobalSection
	GlobalSection(ExtensibilityGlobals) = postSolution
		SolutionGuid = {5CDE1BF8-760F-4521-91E6-F40F6811DE4D}
	EndGlobalSection
EndGlobal
